
Microsoft Visual Studio Solution File, Format Version 12.00
# Visual Studio Version 16
VisualStudioVersion = 16.0.31205.134
MinimumVisualStudioVersion = 10.0.40219.1
Project("{FAE04EC0-301F-11D3-BF4B-00C04F79EFBC}") = "AdessoRideShare", "AdessoRideShare.csproj", "{FE470ADA-E304-48DE-BBB9-0900279350FA}"
EndProject
Global
	GlobalSection(SolutionConfigurationPlatforms) = preSolution
		Debug|Any CPU = Debug|Any CPU
		Release|Any CPU = Release|Any CPU
	EndGlobalSection
	GlobalSection(ProjectConfigurationPlatforms) = postSolution
		{FE470ADA-E304-48DE-BBB9-0900279350FA}.Debug|Any CPU.ActiveCfg = Debug|Any CPU
		{FE470ADA-E304-48DE-BBB9-0900279350FA}.Debug|Any CPU.Build.0 = Debug|Any CPU
		{FE470ADA-E304-48DE-BBB9-0900279350FA}.Release|Any CPU.ActiveCfg = Release|Any CPU
		{FE470ADA-E304-48DE-BBB9-0900279350FA}.Release|Any CPU.Build.0 = Release|Any CPU
	EndGlobalSection
	GlobalSection(SolutionProperties) = preSolution
		HideSolutionNode = FALSE
	EndGlobalSection
	GlobalSection(ExtensibilityGlobals) = postSolution
		SolutionGuid = {7EDB445C-0018-4266-80F3-A407A125127B}
	EndGlobalSection
EndGlobal
